// !$*UTF8*$!
{
	archiveVersion = 1;
	classes = {
	};
	objectVersion = 56;
	objects = {

/* Begin PBXBuildFile section */
		38F7E46F2C0040110051E127 /* Stress_alert_planeApp.swift in Sources */ = {isa = PBXBuildFile; fileRef = 38F7E46E2C0040110051E127 /* Stress_alert_planeApp.swift */; };
		38F7E4712C0040110051E127 /* ContentView.swift in Sources */ = {isa = PBXBuildFile; fileRef = 38F7E4702C0040110051E127 /* ContentView.swift */; };
		38F7E4732C0040140051E127 /* Assets.xcassets in Resources */ = {isa = PBXBuildFile; fileRef = 38F7E4722C0040140051E127 /* Assets.xcassets */; };
		38F7E4762C0040140051E127 /* Preview Assets.xcassets in Resources */ = {isa = PBXBuildFile; fileRef = 38F7E4752C0040140051E127 /* Preview Assets.xcassets */; };
		38F7E4802C0040140051E127 /* Stress_alert_planeTests.swift in Sources */ = {isa = PBXBuildFile; fileRef = 38F7E47F2C0040140051E127 /* Stress_alert_planeTests.swift */; };
		38F7E48A2C0040140051E127 /* Stress_alert_planeUITests.swift in Sources */ = {isa = PBXBuildFile; fileRef = 38F7E4892C0040140051E127 /* Stress_alert_planeUITests.swift */; };
		38F7E48C2C0040140051E127 /* Stress_alert_planeUITestsLaunchTests.swift in Sources */ = {isa = PBXBuildFile; fileRef = 38F7E48B2C0040140051E127 /* Stress_alert_planeUITestsLaunchTests.swift */; };
/* End PBXBuildFile section */

/* Begin PBXContainerItemProxy section */
		38F7E47C2C0040140051E127 /* PBXContainerItemProxy */ = {
			isa = PBXContainerItemProxy;
			containerPortal = 38F7E4632C0040110051E127 /* Project object */;
			proxyType = 1;
			remoteGlobalIDString = 38F7E46A2C0040110051E127;
			remoteInfo = "Stress-alert-plane";
		};
		38F7E4862C0040140051E127 /* PBXContainerItemProxy */ = {
			isa = PBXContainerItemProxy;
			containerPortal = 38F7E4632C0040110051E127 /* Project object */;
			proxyType = 1;
			remoteGlobalIDString = 38F7E46A2C0040110051E127;
			remoteInfo = "Stress-alert-plane";
		};
/* End PBXContainerItemProxy section */

/* Begin PBXFileReference section */
		38F7E46B2C0040110051E127 /* Stress-alert-plane.app */ = {isa = PBXFileReference; explicitFileType = wrapper.application; includeInIndex = 0; path = "Stress-alert-plane.app"; sourceTree = BUILT_PRODUCTS_DIR; };
		38F7E46E2C0040110051E127 /* Stress_alert_planeApp.swift */ = {isa = PBXFileReference; lastKnownFileType = sourcecode.swift; path = Stress_alert_planeApp.swift; sourceTree = "<group>"; };
		38F7E4702C0040110051E127 /* ContentView.swift */ = {isa = PBXFileReference; lastKnownFileType = sourcecode.swift; path = ContentView.swift; sourceTree = "<group>"; };
		38F7E4722C0040140051E127 /* Assets.xcassets */ = {isa = PBXFileReference; lastKnownFileType = folder.assetcatalog; path = Assets.xcassets; sourceTree = "<group>"; };
		38F7E4752C0040140051E127 /* Preview Assets.xcassets */ = {isa = PBXFileReference; lastKnownFileType = folder.assetcatalog; path = "Preview Assets.xcassets"; sourceTree = "<group>"; };
		38F7E47B2C0040140051E127 /* Stress-alert-planeTests.xctest */ = {isa = PBXFileReference; explicitFileType = wrapper.cfbundle; includeInIndex = 0; path = "Stress-alert-planeTests.xctest"; sourceTree = BUILT_PRODUCTS_DIR; };
		38F7E47F2C0040140051E127 /* Stress_alert_planeTests.swift */ = {isa = PBXFileReference; lastKnownFileType = sourcecode.swift; path = Stress_alert_planeTests.swift; sourceTree = "<group>"; };
		38F7E4852C0040140051E127 /* Stress-alert-planeUITests.xctest */ = {isa = PBXFileReference; explicitFileType = wrapper.cfbundle; includeInIndex = 0; path = "Stress-alert-planeUITests.xctest"; sourceTree = BUILT_PRODUCTS_DIR; };
		38F7E4892C0040140051E127 /* Stress_alert_planeUITests.swift */ = {isa = PBXFileReference; lastKnownFileType = sourcecode.swift; path = Stress_alert_planeUITests.swift; sourceTree = "<group>"; };
		38F7E48B2C0040140051E127 /* Stress_alert_planeUITestsLaunchTests.swift */ = {isa = PBXFileReference; lastKnownFileType = sourcecode.swift; path = Stress_alert_planeUITestsLaunchTests.swift; sourceTree = "<group>"; };
/* End PBXFileReference section */

/* Begin PBXFrameworksBuildPhase section */
		38F7E4682C0040110051E127 /* Frameworks */ = {
			isa = PBXFrameworksBuildPhase;
			buildActionMask = 2147483647;
			files = (
			);
			runOnlyForDeploymentPostprocessing = 0;
		};
		38F7E4782C0040140051E127 /* Frameworks */ = {
			isa = PBXFrameworksBuildPhase;
			buildActionMask = 2147483647;
			files = (
			);
			runOnlyForDeploymentPostprocessing = 0;
		};
		38F7E4822C0040140051E127 /* Frameworks */ = {
			isa = PBXFrameworksBuildPhase;
			buildActionMask = 2147483647;
			files = (
			);
			runOnlyForDeploymentPostprocessing = 0;
		};
/* End PBXFrameworksBuildPhase section */

/* Begin PBXGroup section */
		38F7E4622C0040110051E127 = {
			isa = PBXGroup;
			children = (
				38F7E46D2C0040110051E127 /* Stress-alert-plane */,
				38F7E47E2C0040140051E127 /* Stress-alert-planeTests */,
				38F7E4882C0040140051E127 /* Stress-alert-planeUITests */,
				38F7E46C2C0040110051E127 /* Products */,
			);
			sourceTree = "<group>";
		};
		38F7E46C2C0040110051E127 /* Products */ = {
			isa = PBXGroup;
			children = (
				38F7E46B2C0040110051E127 /* Stress-alert-plane.app */,
				38F7E47B2C0040140051E127 /* Stress-alert-planeTests.xctest */,
				38F7E4852C0040140051E127 /* Stress-alert-planeUITests.xctest */,
			);
			name = Products;
			sourceTree = "<group>";
		};
		38F7E46D2C0040110051E127 /* Stress-alert-plane */ = {
			isa = PBXGroup;
			children = (
				38F7E46E2C0040110051E127 /* Stress_alert_planeApp.swift */,
				38F7E4702C0040110051E127 /* ContentView.swift */,
				38F7E4722C0040140051E127 /* Assets.xcassets */,
				38F7E4742C0040140051E127 /* Preview Content */,
			);
			path = "Stress-alert-plane";
			sourceTree = "<group>";
		};
		38F7E4742C0040140051E127 /* Preview Content */ = {
			isa = PBXGroup;
			children = (
				38F7E4752C0040140051E127 /* Preview Assets.xcassets */,
			);
			path = "Preview Content";
			sourceTree = "<group>";
		};
		38F7E47E2C0040140051E127 /* Stress-alert-planeTests */ = {
			isa = PBXGroup;
			children = (
				38F7E47F2C0040140051E127 /* Stress_alert_planeTests.swift */,
			);
			path = "Stress-alert-planeTests";
			sourceTree = "<group>";
		};
		38F7E4882C0040140051E127 /* Stress-alert-planeUITests */ = {
			isa = PBXGroup;
			children = (
				38F7E4892C0040140051E127 /* Stress_alert_planeUITests.swift */,
				38F7E48B2C0040140051E127 /* Stress_alert_planeUITestsLaunchTests.swift */,
			);
			path = "Stress-alert-planeUITests";
			sourceTree = "<group>";
		};
/* End PBXGroup section */

/* Begin PBXNativeTarget section */
		38F7E46A2C0040110051E127 /* Stress-alert-plane */ = {
			isa = PBXNativeTarget;
			buildConfigurationList = 38F7E48F2C0040140051E127 /* Build configuration list for PBXNativeTarget "Stress-alert-plane" */;
			buildPhases = (
				38F7E4672C0040110051E127 /* Sources */,
				38F7E4682C0040110051E127 /* Frameworks */,
				38F7E4692C0040110051E127 /* Resources */,
			);
			buildRules = (
			);
			dependencies = (
			);
			name = "Stress-alert-plane";
			productName = "Stress-alert-plane";
			productReference = 38F7E46B2C0040110051E127 /* Stress-alert-plane.app */;
			productType = "com.apple.product-type.application";
		};
		38F7E47A2C0040140051E127 /* Stress-alert-planeTests */ = {
			isa = PBXNativeTarget;
			buildConfigurationList = 38F7E4922C0040140051E127 /* Build configuration list for PBXNativeTarget "Stress-alert-planeTests" */;
			buildPhases = (
				38F7E4772C0040140051E127 /* Sources */,
				38F7E4782C0040140051E127 /* Frameworks */,
				38F7E4792C0040140051E127 /* Resources */,
			);
			buildRules = (
			);
			dependencies = (
				38F7E47D2C0040140051E127 /* PBXTargetDependency */,
			);
			name = "Stress-alert-planeTests";
			productName = "Stress-alert-planeTests";
			productReference = 38F7E47B2C0040140051E127 /* Stress-alert-planeTests.xctest */;
			productType = "com.apple.product-type.bundle.unit-test";
		};
		38F7E4842C0040140051E127 /* Stress-alert-planeUITests */ = {
			isa = PBXNativeTarget;
			buildConfigurationList = 38F7E4952C0040140051E127 /* Build configuration list for PBXNativeTarget "Stress-alert-planeUITests" */;
			buildPhases = (
				38F7E4812C0040140051E127 /* Sources */,
				38F7E4822C0040140051E127 /* Frameworks */,
				38F7E4832C0040140051E127 /* Resources */,
			);
			buildRules = (
			);
			dependencies = (
				38F7E4872C0040140051E127 /* PBXTargetDependency */,
			);
			name = "Stress-alert-planeUITests";
			productName = "Stress-alert-planeUITests";
			productReference = 38F7E4852C0040140051E127 /* Stress-alert-planeUITests.xctest */;
			productType = "com.apple.product-type.bundle.ui-testing";
		};
/* End PBXNativeTarget section */

/* Begin PBXProject section */
		38F7E4632C0040110051E127 /* Project object */ = {
			isa = PBXProject;
			attributes = {
				BuildIndependentTargetsInParallel = 1;
				LastSwiftUpdateCheck = 1540;
				LastUpgradeCheck = 1540;
				TargetAttributes = {
					38F7E46A2C0040110051E127 = {
						CreatedOnToolsVersion = 15.4;
					};
					38F7E47A2C0040140051E127 = {
						CreatedOnToolsVersion = 15.4;
						TestTargetID = 38F7E46A2C0040110051E127;
					};
					38F7E4842C0040140051E127 = {
						CreatedOnToolsVersion = 15.4;
						TestTargetID = 38F7E46A2C0040110051E127;
					};
				};
			};
			buildConfigurationList = 38F7E4662C0040110051E127 /* Build configuration list for PBXProject "Stress-alert-plane" */;
			compatibilityVersion = "Xcode 14.0";
			developmentRegion = en;
			hasScannedForEncodings = 0;
			knownRegions = (
				en,
				Base,
			);
			mainGroup = 38F7E4622C0040110051E127;
			productRefGroup = 38F7E46C2C0040110051E127 /* Products */;
			projectDirPath = "";
			projectRoot = "";
			targets = (
				38F7E46A2C0040110051E127 /* Stress-alert-plane */,
				38F7E47A2C0040140051E127 /* Stress-alert-planeTests */,
				38F7E4842C0040140051E127 /* Stress-alert-planeUITests */,
			);
		};
/* End PBXProject section */

/* Begin PBXResourcesBuildPhase section */
		38F7E4692C0040110051E127 /* Resources */ = {
			isa = PBXResourcesBuildPhase;
			buildActionMask = 2147483647;
			files = (
				38F7E4762C0040140051E127 /* Preview Assets.xcassets in Resources */,
				38F7E4732C0040140051E127 /* Assets.xcassets in Resources */,
			);
			runOnlyForDeploymentPostprocessing = 0;
		};
		38F7E4792C0040140051E127 /* Resources */ = {
			isa = PBXResourcesBuildPhase;
			buildActionMask = 2147483647;
			files = (
			);
			runOnlyForDeploymentPostprocessing = 0;
		};
		38F7E4832C0040140051E127 /* Resources */ = {
			isa = PBXResourcesBuildPhase;
			buildActionMask = 2147483647;
			files = (
			);
			runOnlyForDeploymentPostprocessing = 0;
		};
/* End PBXResourcesBuildPhase section */

/* Begin PBXSourcesBuildPhase section */
		38F7E4672C0040110051E127 /* Sources */ = {
			isa = PBXSourcesBuildPhase;
			buildActionMask = 2147483647;
			files = (
				38F7E4712C0040110051E127 /* ContentView.swift in Sources */,
				38F7E46F2C0040110051E127 /* Stress_alert_planeApp.swift in Sources */,
			);
			runOnlyForDeploymentPostprocessing = 0;
		};
		38F7E4772C0040140051E127 /* Sources */ = {
			isa = PBXSourcesBuildPhase;
			buildActionMask = 2147483647;
			files = (
				38F7E4802C0040140051E127 /* Stress_alert_planeTests.swift in Sources */,
			);
			runOnlyForDeploymentPostprocessing = 0;
		};
		38F7E4812C0040140051E127 /* Sources */ = {
			isa = PBXSourcesBuildPhase;
			buildActionMask = 2147483647;
			files = (
				38F7E48C2C0040140051E127 /* Stress_alert_planeUITestsLaunchTests.swift in Sources */,
				38F7E48A2C0040140051E127 /* Stress_alert_planeUITests.swift in Sources */,
			);
			runOnlyForDeploymentPostprocessing = 0;
		};
/* End PBXSourcesBuildPhase section */

/* Begin PBXTargetDependency section */
		38F7E47D2C0040140051E127 /* PBXTargetDependency */ = {
			isa = PBXTargetDependency;
			target = 38F7E46A2C0040110051E127 /* Stress-alert-plane */;
			targetProxy = 38F7E47C2C0040140051E127 /* PBXContainerItemProxy */;
		};
		38F7E4872C0040140051E127 /* PBXTargetDependency */ = {
			isa = PBXTargetDependency;
			target = 38F7E46A2C0040110051E127 /* Stress-alert-plane */;
			targetProxy = 38F7E4862C0040140051E127 /* PBXContainerItemProxy */;
		};
/* End PBXTargetDependency section */

/* Begin XCBuildConfiguration section */
		38F7E48D2C0040140051E127 /* Debug */ = {
			isa = XCBuildConfiguration;
			buildSettings = {
				ALWAYS_SEARCH_USER_PATHS = NO;
				ASSETCATALOG_COMPILER_GENERATE_SWIFT_ASSET_SYMBOL_EXTENSIONS = YES;
				CLANG_ANALYZER_NONNULL = YES;
				CLANG_ANALYZER_NUMBER_OBJECT_CONVERSION = YES_AGGRESSIVE;
				CLANG_CXX_LANGUAGE_STANDARD = "gnu++20";
				CLANG_ENABLE_MODULES = YES;
				CLANG_ENABLE_OBJC_ARC = YES;
				CLANG_ENABLE_OBJC_WEAK = YES;
				CLANG_WARN_BLOCK_CAPTURE_AUTORELEASING = YES;
				CLANG_WARN_BOOL_CONVERSION = YES;
				CLANG_WARN_COMMA = YES;
				CLANG_WARN_CONSTANT_CONVERSION = YES;
				CLANG_WARN_DEPRECATED_OBJC_IMPLEMENTATIONS = YES;
				CLANG_WARN_DIRECT_OBJC_ISA_USAGE = YES_ERROR;
				CLANG_WARN_DOCUMENTATION_COMMENTS = YES;
				CLANG_WARN_EMPTY_BODY = YES;
				CLANG_WARN_ENUM_CONVERSION = YES;
				CLANG_WARN_INFINITE_RECURSION = YES;
				CLANG_WARN_INT_CONVERSION = YES;
				CLANG_WARN_NON_LITERAL_NULL_CONVERSION = YES;
				CLANG_WARN_OBJC_IMPLICIT_RETAIN_SELF = YES;
				CLANG_WARN_OBJC_LITERAL_CONVERSION = YES;
				CLANG_WARN_OBJC_ROOT_CLASS = YES_ERROR;
				CLANG_WARN_QUOTED_INCLUDE_IN_FRAMEWORK_HEADER = YES;
				CLANG_WARN_RANGE_LOOP_ANALYSIS = YES;
				CLANG_WARN_STRICT_PROTOTYPES = YES;
				CLANG_WARN_SUSPICIOUS_MOVE = YES;
				CLANG_WARN_UNGUARDED_AVAILABILITY = YES_AGGRESSIVE;
				CLANG_WARN_UNREACHABLE_CODE = YES;
				CLANG_WARN__DUPLICATE_METHOD_MATCH = YES;
				COPY_PHASE_STRIP = NO;
				DEBUG_INFORMATION_FORMAT = dwarf;
				ENABLE_STRICT_OBJC_MSGSEND = YES;
				ENABLE_TESTABILITY = YES;
				ENABLE_USER_SCRIPT_SANDBOXING = YES;
				GCC_C_LANGUAGE_STANDARD = gnu17;
				GCC_DYNAMIC_NO_PIC = NO;
				GCC_NO_COMMON_BLOCKS = YES;
				GCC_OPTIMIZATION_LEVEL = 0;
				GCC_PREPROCESSOR_DEFINITIONS = (
					"DEBUG=1",
					"$(inherited)",
				);
				GCC_WARN_64_TO_32_BIT_CONVERSION = YES;
				GCC_WARN_ABOUT_RETURN_TYPE = YES_ERROR;
				GCC_WARN_UNDECLARED_SELECTOR = YES;
				GCC_WARN_UNINITIALIZED_AUTOS = YES_AGGRESSIVE;
				GCC_WARN_UNUSED_FUNCTION = YES;
				GCC_WARN_UNUSED_VARIABLE = YES;
				IPHONEOS_DEPLOYMENT_TARGET = 17.5;
				LOCALIZATION_PREFERS_STRING_CATALOGS = YES;
				MTL_ENABLE_DEBUG_INFO = INCLUDE_SOURCE;
				MTL_FAST_MATH = YES;
				ONLY_ACTIVE_ARCH = YES;
				SDKROOT = iphoneos;
				SWIFT_ACTIVE_COMPILATION_CONDITIONS = "DEBUG $(inherited)";
				SWIFT_OPTIMIZATION_LEVEL = "-Onone";
			};
			name = Debug;
		};
		38F7E48E2C0040140051E127 /* Release */ = {
			isa = XCBuildConfiguration;
			buildSettings = {
				ALWAYS_SEARCH_USER_PATHS = NO;
				ASSETCATALOG_COMPILER_GENERATE_SWIFT_ASSET_SYMBOL_EXTENSIONS = YES;
				CLANG_ANALYZER_NONNULL = YES;
				CLANG_ANALYZER_NUMBER_OBJECT_CONVERSION = YES_AGGRESSIVE;
				CLANG_CXX_LANGUAGE_STANDARD = "gnu++20";
				CLANG_ENABLE_MODULES = YES;
				CLANG_ENABLE_OBJC_ARC = YES;
				CLANG_ENABLE_OBJC_WEAK = YES;
				CLANG_WARN_BLOCK_CAPTURE_AUTORELEASING = YES;
				CLANG_WARN_BOOL_CONVERSION = YES;
				CLANG_WARN_COMMA = YES;
				CLANG_WARN_CONSTANT_CONVERSION = YES;
				CLANG_WARN_DEPRECATED_OBJC_IMPLEMENTATIONS = YES;
				CLANG_WARN_DIRECT_OBJC_ISA_USAGE = YES_ERROR;
				CLANG_WARN_DOCUMENTATION_COMMENTS = YES;
				CLANG_WARN_EMPTY_BODY = YES;
				CLANG_WARN_ENUM_CONVERSION = YES;
				CLANG_WARN_INFINITE_RECURSION = YES;
				CLANG_WARN_INT_CONVERSION = YES;
				CLANG_WARN_NON_LITERAL_NULL_CONVERSION = YES;
				CLANG_WARN_OBJC_IMPLICIT_RETAIN_SELF = YES;
				CLANG_WARN_OBJC_LITERAL_CONVERSION = YES;
				CLANG_WARN_OBJC_ROOT_CLASS = YES_ERROR;
				CLANG_WARN_QUOTED_INCLUDE_IN_FRAMEWORK_HEADER = YES;
				CLANG_WARN_RANGE_LOOP_ANALYSIS = YES;
				CLANG_WARN_STRICT_PROTOTYPES = YES;
				CLANG_WARN_SUSPICIOUS_MOVE = YES;
				CLANG_WARN_UNGUARDED_AVAILABILITY = YES_AGGRESSIVE;
				CLANG_WARN_UNREACHABLE_CODE = YES;
				CLANG_WARN__DUPLICATE_METHOD_MATCH = YES;
				COPY_PHASE_STRIP = NO;
				DEBUG_INFORMATION_FORMAT = "dwarf-with-dsym";
				ENABLE_NS_ASSERTIONS = NO;
				ENABLE_STRICT_OBJC_MSGSEND = YES;
				ENABLE_USER_SCRIPT_SANDBOXING = YES;
				GCC_C_LANGUAGE_STANDARD = gnu17;
				GCC_NO_COMMON_BLOCKS = YES;
				GCC_WARN_64_TO_32_BIT_CONVERSION = YES;
				GCC_WARN_ABOUT_RETURN_TYPE = YES_ERROR;
				GCC_WARN_UNDECLARED_SELECTOR = YES;
				GCC_WARN_UNINITIALIZED_AUTOS = YES_AGGRESSIVE;
				GCC_WARN_UNUSED_FUNCTION = YES;
				GCC_WARN_UNUSED_VARIABLE = YES;
				IPHONEOS_DEPLOYMENT_TARGET = 17.5;
				LOCALIZATION_PREFERS_STRING_CATALOGS = YES;
				MTL_ENABLE_DEBUG_INFO = NO;
				MTL_FAST_MATH = YES;
				SDKROOT = iphoneos;
				SWIFT_COMPILATION_MODE = wholemodule;
				VALIDATE_PRODUCT = YES;
			};
			name = Release;
		};
		38F7E4902C0040140051E127 /* Debug */ = {
			isa = XCBuildConfiguration;
			buildSettings = {
				ASSETCATALOG_COMPILER_APPICON_NAME = AppIcon;
				ASSETCATALOG_COMPILER_GLOBAL_ACCENT_COLOR_NAME = AccentColor;
				CODE_SIGN_STYLE = Automatic;
				CURRENT_PROJECT_VERSION = 1;
				DEVELOPMENT_ASSET_PATHS = "\"Stress-alert-plane/Preview Content\"";
				DEVELOPMENT_TEAM = B5UDZ3WJJ7;
				ENABLE_PREVIEWS = YES;
				GENERATE_INFOPLIST_FILE = YES;
				INFOPLIST_KEY_UIApplicationSceneManifest_Generation = YES;
				INFOPLIST_KEY_UIApplicationSupportsIndirectInputEvents = YES;
				INFOPLIST_KEY_UILaunchScreen_Generation = YES;
				INFOPLIST_KEY_UISupportedInterfaceOrientations_iPad = "UIInterfaceOrientationPortrait UIInterfaceOrientationPortraitUpsideDown UIInterfaceOrientationLandscapeLeft UIInterfaceOrientationLandscapeRight";
				INFOPLIST_KEY_UISupportedInterfaceOrientations_iPhone = "UIInterfaceOrientationPortrait UIInterfaceOrientationLandscapeLeft UIInterfaceOrientationLandscapeRight";
				LD_RUNPATH_SEARCH_PATHS = (
					"$(inherited)",
					"@executable_path/Frameworks",
				);
				MARKETING_VERSION = 1.0;
				PRODUCT_BUNDLE_IDENTIFIER = "com.kouki.Stress-alert-plane";
				PRODUCT_NAME = "$(TARGET_NAME)";
				SWIFT_EMIT_LOC_STRINGS = YES;
				SWIFT_VERSION = 5.0;
				TARGETED_DEVICE_FAMILY = "1,2";
			};
			name = Debug;
		};
		38F7E4912C0040140051E127 /* Release */ = {
			isa = XCBuildConfiguration;
			buildSettings = {
				ASSETCATALOG_COMPILER_APPICON_NAME = AppIcon;
				ASSETCATALOG_COMPILER_GLOBAL_ACCENT_COLOR_NAME = AccentColor;
				CODE_SIGN_STYLE = Automatic;
				CURRENT_PROJECT_VERSION = 1;
				DEVELOPMENT_ASSET_PATHS = "\"Stress-alert-plane/Preview Content\"";
				DEVELOPMENT_TEAM = B5UDZ3WJJ7;
				ENABLE_PREVIEWS = YES;
				GENERATE_INFOPLIST_FILE = YES;
				INFOPLIST_KEY_UIApplicationSceneManifest_Generation = YES;
				INFOPLIST_KEY_UIApplicationSupportsIndirectInputEvents = YES;
				INFOPLIST_KEY_UILaunchScreen_Generation = YES;
				INFOPLIST_KEY_UISupportedInterfaceOrientations_iPad = "UIInterfaceOrientationPortrait UIInterfaceOrientationPortraitUpsideDown UIInterfaceOrientationLandscapeLeft UIInterfaceOrientationLandscapeRight";
				INFOPLIST_KEY_UISupportedInterfaceOrientations_iPhone = "UIInterfaceOrientationPortrait UIInterfaceOrientationLandscapeLeft UIInterfaceOrientationLandscapeRight";
				LD_RUNPATH_SEARCH_PATHS = (
					"$(inherited)",
					"@executable_path/Frameworks",
				);
				MARKETING_VERSION = 1.0;
				PRODUCT_BUNDLE_IDENTIFIER = "com.kouki.Stress-alert-plane";
				PRODUCT_NAME = "$(TARGET_NAME)";
				SWIFT_EMIT_LOC_STRINGS = YES;
				SWIFT_VERSION = 5.0;
				TARGETED_DEVICE_FAMILY = "1,2";
			};
			name = Release;
		};
		38F7E4932C0040140051E127 /* Debug */ = {
			isa = XCBuildConfiguration;
			buildSettings = {
				ALWAYS_EMBED_SWIFT_STANDARD_LIBRARIES = YES;
				BUNDLE_LOADER = "$(TEST_HOST)";
				CODE_SIGN_STYLE = Automatic;
				CURRENT_PROJECT_VERSION = 1;
				DEVELOPMENT_TEAM = B5UDZ3WJJ7;
				GENERATE_INFOPLIST_FILE = YES;
				IPHONEOS_DEPLOYMENT_TARGET = 17.5;
				MARKETING_VERSION = 1.0;
				PRODUCT_BUNDLE_IDENTIFIER = "com.kouki.Stress-alert-planeTests";
				PRODUCT_NAME = "$(TARGET_NAME)";
				SWIFT_EMIT_LOC_STRINGS = NO;
				SWIFT_VERSION = 5.0;
				TARGETED_DEVICE_FAMILY = "1,2";
				TEST_HOST = "$(BUILT_PRODUCTS_DIR)/Stress-alert-plane.app/$(BUNDLE_EXECUTABLE_FOLDER_PATH)/Stress-alert-plane";
			};
			name = Debug;
		};
		38F7E4942C0040140051E127 /* Release */ = {
			isa = XCBuildConfiguration;
			buildSettings = {
				ALWAYS_EMBED_SWIFT_STANDARD_LIBRARIES = YES;
				BUNDLE_LOADER = "$(TEST_HOST)";
				CODE_SIGN_STYLE = Automatic;
				CURRENT_PROJECT_VERSION = 1;
				DEVELOPMENT_TEAM = B5UDZ3WJJ7;
				GENERATE_INFOPLIST_FILE = YES;
				IPHONEOS_DEPLOYMENT_TARGET = 17.5;
				MARKETING_VERSION = 1.0;
				PRODUCT_BUNDLE_IDENTIFIER = "com.kouki.Stress-alert-planeTests";
				PRODUCT_NAME = "$(TARGET_NAME)";
				SWIFT_EMIT_LOC_STRINGS = NO;
				SWIFT_VERSION = 5.0;
				TARGETED_DEVICE_FAMILY = "1,2";
				TEST_HOST = "$(BUILT_PRODUCTS_DIR)/Stress-alert-plane.app/$(BUNDLE_EXECUTABLE_FOLDER_PATH)/Stress-alert-plane";
			};
			name = Release;
		};
		38F7E4962C0040140051E127 /* Debug */ = {
			isa = XCBuildConfiguration;
			buildSettings = {
				ALWAYS_EMBED_SWIFT_STANDARD_LIBRARIES = YES;
				CODE_SIGN_STYLE = Automatic;
				CURRENT_PROJECT_VERSION = 1;
				DEVELOPMENT_TEAM = B5UDZ3WJJ7;
				GENERATE_INFOPLIST_FILE = YES;
				MARKETING_VERSION = 1.0;
				PRODUCT_BUNDLE_IDENTIFIER = "com.kouki.Stress-alert-planeUITests";
				PRODUCT_NAME = "$(TARGET_NAME)";
				SWIFT_EMIT_LOC_STRINGS = NO;
				SWIFT_VERSION = 5.0;
				TARGETED_DEVICE_FAMILY = "1,2";
				TEST_TARGET_NAME = "Stress-alert-plane";
			};
			name = Debug;
		};
		38F7E4972C0040140051E127 /* Release */ = {
			isa = XCBuildConfiguration;
			buildSettings = {
				ALWAYS_EMBED_SWIFT_STANDARD_LIBRARIES = YES;
				CODE_SIGN_STYLE = Automatic;
				CURRENT_PROJECT_VERSION = 1;
				DEVELOPMENT_TEAM = B5UDZ3WJJ7;
				GENERATE_INFOPLIST_FILE = YES;
				MARKETING_VERSION = 1.0;
				PRODUCT_BUNDLE_IDENTIFIER = "com.kouki.Stress-alert-planeUITests";
				PRODUCT_NAME = "$(TARGET_NAME)";
				SWIFT_EMIT_LOC_STRINGS = NO;
				SWIFT_VERSION = 5.0;
				TARGETED_DEVICE_FAMILY = "1,2";
				TEST_TARGET_NAME = "Stress-alert-plane";
			};
			name = Release;
		};
/* End XCBuildConfiguration section */

/* Begin XCConfigurationList section */
		38F7E4662C0040110051E127 /* Build configuration list for PBXProject "Stress-alert-plane" */ = {
			isa = XCConfigurationList;
			buildConfigurations = (
				38F7E48D2C0040140051E127 /* Debug */,
				38F7E48E2C0040140051E127 /* Release */,
			);
			defaultConfigurationIsVisible = 0;
			defaultConfigurationName = Release;
		};
		38F7E48F2C0040140051E127 /* Build configuration list for PBXNativeTarget "Stress-alert-plane" */ = {
			isa = XCConfigurationList;
			buildConfigurations = (
				38F7E4902C0040140051E127 /* Debug */,
				38F7E4912C0040140051E127 /* Release */,
			);
			defaultConfigurationIsVisible = 0;
			defaultConfigurationName = Release;
		};
		38F7E4922C0040140051E127 /* Build configuration list for PBXNativeTarget "Stress-alert-planeTests" */ = {
			isa = XCConfigurationList;
			buildConfigurations = (
				38F7E4932C0040140051E127 /* Debug */,
				38F7E4942C0040140051E127 /* Release */,
			);
			defaultConfigurationIsVisible = 0;
			defaultConfigurationName = Release;
		};
		38F7E4952C0040140051E127 /* Build configuration list for PBXNativeTarget "Stress-alert-planeUITests" */ = {
			isa = XCConfigurationList;
			buildConfigurations = (
				38F7E4962C0040140051E127 /* Debug */,
				38F7E4972C0040140051E127 /* Release */,
			);
			defaultConfigurationIsVisible = 0;
			defaultConfigurationName = Release;
		};
/* End XCConfigurationList section */
	};
	rootObject = 38F7E4632C0040110051E127 /* Project object */;
}
